
Microsoft Visual Studio Solution File, Format Version 12.00
# Visual Studio Version 17
VisualStudioVersion = 17.10.35027.167
MinimumVisualStudioVersion = 10.0.40219.1
Project("{FAE04EC0-301F-11D3-BF4B-00C04F79EFBC}") = "ST10362208_ICETask1", "ST10362208_ICETask1.csproj", "{6B70E535-6050-49E5-8B04-37C818BAFB76}"
EndProject
Global
	GlobalSection(SolutionConfigurationPlatforms) = preSolution
		Debug|Any CPU = Debug|Any CPU
		Release|Any CPU = Release|Any CPU
	EndGlobalSection
	GlobalSection(ProjectConfigurationPlatforms) = postSolution
		{6B70E535-6050-49E5-8B04-37C818BAFB76}.Debug|Any CPU.ActiveCfg = Debug|Any CPU
		{6B70E535-6050-49E5-8B04-37C818BAFB76}.Debug|Any CPU.Build.0 = Debug|Any CPU
		{6B70E535-6050-49E5-8B04-37C818BAFB76}.Release|Any CPU.ActiveCfg = Release|Any CPU
		{6B70E535-6050-49E5-8B04-37C818BAFB76}.Release|Any CPU.Build.0 = Release|Any CPU
	EndGlobalSection
	GlobalSection(SolutionProperties) = preSolution
		HideSolutionNode = FALSE
	EndGlobalSection
	GlobalSection(ExtensibilityGlobals) = postSolution
		SolutionGuid = {2FD445B9-6DAC-4784-A3DA-717394073B11}
	EndGlobalSection
EndGlobal
